{
  "name": "@voxgig/sdkgen",
  "version": "0.33.0",
  "lockfileVersion": 3,
  "requires": true,
  "packages": {
    "": {
      "name": "@voxgig/sdkgen",
      "version": "0.33.0",
      "license": "MIT",
      "bin": {
        "voxgig-sdkgen": "bin/voxgig-sdkgen"
      },
      "devDependencies": {
        "@hapi/code": "^9.0.3",
        "@types/js-yaml": "^4.0.9",
        "@types/node": "25.5.0",
        "json-schema-to-ts": "^3.1.1",
        "memfs": "^4.57.1",
        "typescript": "^6.0.2"
      },
      "peerDependencies": {
        "@voxgig/apidef": ">=4",
        "@voxgig/struct": ">=0",
        "@voxgig/util": ">=0",
        "aontu": ">=0",
        "jostraca": ">=0"
      }
    },
    "node_modules/@babel/runtime": {
      "version": "7.29.2",
      "resolved": "https://registry.npmjs.org/@babel/runtime/-/runtime-7.29.2.tgz",
      "integrity": "sha512-JiDShH45zKHWyGe4ZNVRrCjBz8Nh9TMmZG1kh4QTK8hCBTWBi8Da+i7s1fJw7/lYpM4ccepSNfqzZ/QvABBi5g==",
      "dev": true,
      "license": "MIT",
      "engines": {
        "node": ">=6.9.0"
      }
    },
    "node_modules/@hapi/code": {
      "version": "9.0.3",
      "resolved": "https://registry.npmjs.org/@hapi/code/-/code-9.0.3.tgz",
      "integrity": "sha512-g50b7qz861Xfnt1NWtcba1zVxlHLPDJh/4ys6pva6jMmQgbTDLgAkbORDHYbVSA7mYxZ2cHZ2n7ZeFb5j/ZhQw==",
      "dev": true,
      "license": "BSD-3-Clause",
      "dependencies": {
        "@hapi/hoek": "^11.0.2"
      }
    },
    "node_modules/@hapi/hoek": {
      "version": "11.0.7",
      "resolved": "https://registry.npmjs.org/@hapi/hoek/-/hoek-11.0.7.tgz",
      "integrity": "sha512-HV5undWkKzcB4RZUusqOpcgxOaq6VOAH7zhhIr2g3G8NF/MlFO75SjOr2NfuSx0Mh40+1FqCkagKLJRykUWoFQ==",
      "license": "BSD-3-Clause"
    },
    "node_modules/@jsonic/directive": {
      "version": "1.3.1",
      "resolved": "https://registry.npmjs.org/@jsonic/directive/-/directive-1.3.1.tgz",
      "integrity": "sha512-NKUdVsl8yrsd06NAFfwadoxdLOADYE21FU2pkg81/BoG6TpKZdDqwPIzwTqFN2si6n97X3EANpkIQAgNITND+w==",
      "license": "MIT",
      "peer": true,
      "peerDependencies": {
        "jsonic": ">=2"
      }
    },
    "node_modules/@jsonic/expr": {
      "version": "2.0.0",
      "resolved": "https://registry.npmjs.org/@jsonic/expr/-/expr-2.0.0.tgz",
      "integrity": "sha512-FQM9+7mO9OsZRzCzFj7KXxkgnjri+BQebdcnHApU7osmULqfsmvY7miT3DUXZDC3ljKnf3LWgfOes2Ulz6fQDA==",
      "license": "MIT",
      "peerDependencies": {
        "jsonic": ">=2"
      }
    },
    "node_modules/@jsonic/multisource": {
      "version": "2.5.0",
      "resolved": "https://registry.npmjs.org/@jsonic/multisource/-/multisource-2.5.0.tgz",
      "integrity": "sha512-ISrXT04Mb3vhNlf622Ye3vvSrc5nkbacIcqg4QMK8EvJvkkIoMmpADWpg4YQhv1ODqYTV1yGcSp3jjhmaqpK4A==",
      "license": "MIT",
      "peerDependencies": {
        "@jsonic/directive": ">=1",
        "@jsonic/path": ">=1",
        "jsonic": ">=2"
      }
    },
    "node_modules/@jsonic/path": {
      "version": "1.5.1",
      "resolved": "https://registry.npmjs.org/@jsonic/path/-/path-1.5.1.tgz",
      "integrity": "sha512-IjMt/YBCUT16hrWc4hF+V3arv5lqMV0Y2OYxV/E2flzp9U5eI95CZijJgjXI9MuXQQiP9DN6b0KhtBVJg2GuWw==",
      "license": "MIT",
      "peer": true,
      "peerDependencies": {
        "jsonic": ">=2"
      }
    },
    "node_modules/@jsonic/yaml": {
      "version": "0.1.4",
      "resolved": "https://registry.npmjs.org/@jsonic/yaml/-/yaml-0.1.4.tgz",
      "integrity": "sha512-eubGeENJmCOsLg9RlD5rv3H9uEzXvBT6iEp/HQLBY/5gZmpV5xH5s/2eIfSvxuyM8Bh6FLh5rJA6xOjTBGDFeA==",
      "license": "MIT",
      "peerDependencies": {
        "jsonic": ">=2"
      }
    },
    "node_modules/@jsonjoy.com/base64": {
      "version": "1.1.2",
      "resolved": "https://registry.npmjs.org/@jsonjoy.com/base64/-/base64-1.1.2.tgz",
      "integrity": "sha512-q6XAnWQDIMA3+FTiOYajoYqySkO+JSat0ytXGSuRdq9uXE7o92gzuQwQM14xaCRlBLGq3v5miDGC4vkVTn54xA==",
      "license": "Apache-2.0",
      "engines": {
        "node": ">=10.0"
      },
      "funding": {
        "type": "github",
        "url": "https://github.com/sponsors/streamich"
      },
      "peerDependencies": {
        "tslib": "2"
      }
    },
    "node_modules/@jsonjoy.com/buffers": {
      "version": "17.67.0",
      "resolved": "https://registry.npmjs.org/@jsonjoy.com/buffers/-/buffers-17.67.0.tgz",
      "integrity": "sha512-tfExRpYxBvi32vPs9ZHaTjSP4fHAfzSmcahOfNxtvGHcyJel+aibkPlGeBB+7AoC6hL7lXIE++8okecBxx7lcw==",
      "license": "Apache-2.0",
      "engines": {
        "node": ">=10.0"
      },
      "funding": {
        "type": "github",
        "url": "https://github.com/sponsors/streamich"
      },
      "peerDependencies": {
        "tslib": "2"
      }
    },
    "node_modules/@jsonjoy.com/codegen": {
      "version": "1.0.0",
      "resolved": "https://registry.npmjs.org/@jsonjoy.com/codegen/-/codegen-1.0.0.tgz",
      "integrity": "sha512-E8Oy+08cmCf0EK/NMxpaJZmOxPqM+6iSe2S4nlSBrPZOORoDJILxtbSUEDKQyTamm/BVAhIGllOBNU79/dwf0g==",
      "license": "Apache-2.0",
      "engines": {
        "node": ">=10.0"
      },
      "funding": {
        "type": "github",
        "url": "https://github.com/sponsors/streamich"
      },
      "peerDependencies": {
        "tslib": "2"
      }
    },
    "node_modules/@jsonjoy.com/fs-core": {
      "version": "4.57.1",
      "resolved": "https://registry.npmjs.org/@jsonjoy.com/fs-core/-/fs-core-4.57.1.tgz",
      "integrity": "sha512-YrEi/ZPmgc+GfdO0esBF04qv8boK9Dg9WpRQw/+vM8Qt3nnVIJWIa8HwZ/LXVZ0DB11XUROM8El/7yYTJX+WtA==",
      "license": "Apache-2.0",
      "dependencies": {
        "@jsonjoy.com/fs-node-builtins": "4.57.1",
        "@jsonjoy.com/fs-node-utils": "4.57.1",
        "thingies": "^2.5.0"
      },
      "engines": {
        "node": ">=10.0"
      },
      "funding": {
        "type": "github",
        "url": "https://github.com/sponsors/streamich"
      },
      "peerDependencies": {
        "tslib": "2"
      }
    },
    "node_modules/@jsonjoy.com/fs-fsa": {
      "version": "4.57.1",
      "resolved": "https://registry.npmjs.org/@jsonjoy.com/fs-fsa/-/fs-fsa-4.57.1.tgz",
      "integrity": "sha512-ooEPvSW/HQDivPDPZMibHGKZf/QS4WRir1czGZmXmp3MsQqLECZEpN0JobrD8iV9BzsuwdIv+PxtWX9WpPLsIA==",
      "license": "Apache-2.0",
      "dependencies": {
        "@jsonjoy.com/fs-core": "4.57.1",
        "@jsonjoy.com/fs-node-builtins": "4.57.1",
        "@jsonjoy.com/fs-node-utils": "4.57.1",
        "thingies": "^2.5.0"
      },
      "engines": {
        "node": ">=10.0"
      },
      "funding": {
        "type": "github",
        "url": "https://github.com/sponsors/streamich"
      },
      "peerDependencies": {
        "tslib": "2"
      }
    },
    "node_modules/@jsonjoy.com/fs-node": {
      "version": "4.57.1",
      "resolved": "https://registry.npmjs.org/@jsonjoy.com/fs-node/-/fs-node-4.57.1.tgz",
      "integrity": "sha512-3YaKhP8gXEKN+2O49GLNfNb5l2gbnCFHyAaybbA2JkkbQP3dpdef7WcUaHAulg/c5Dg4VncHsA3NWAUSZMR5KQ==",
      "license": "Apache-2.0",
      "dependencies": {
        "@jsonjoy.com/fs-core": "4.57.1",
        "@jsonjoy.com/fs-node-builtins": "4.57.1",
        "@jsonjoy.com/fs-node-utils": "4.57.1",
        "@jsonjoy.com/fs-print": "4.57.1",
        "@jsonjoy.com/fs-snapshot": "4.57.1",
        "glob-to-regex.js": "^1.0.0",
        "thingies": "^2.5.0"
      },
      "engines": {
        "node": ">=10.0"
      },
      "funding": {
        "type": "github",
        "url": "https://github.com/sponsors/streamich"
      },
      "peerDependencies": {
        "tslib": "2"
      }
    },
    "node_modules/@jsonjoy.com/fs-node-builtins": {
      "version": "4.57.1",
      "resolved": "https://registry.npmjs.org/@jsonjoy.com/fs-node-builtins/-/fs-node-builtins-4.57.1.tgz",
      "integrity": "sha512-XHkFKQ5GSH3uxm8c3ZYXVrexGdscpWKIcMWKFQpMpMJc8gA3AwOMBJXJlgpdJqmrhPyQXxaY9nbkNeYpacC0Og==",
      "license": "Apache-2.0",
      "engines": {
        "node": ">=10.0"
      },
      "funding": {
        "type": "github",
        "url": "https://github.com/sponsors/streamich"
      },
      "peerDependencies": {
        "tslib": "2"
      }
    },
    "node_modules/@jsonjoy.com/fs-node-to-fsa": {
      "version": "4.57.1",
      "resolved": "https://registry.npmjs.org/@jsonjoy.com/fs-node-to-fsa/-/fs-node-to-fsa-4.57.1.tgz",
      "integrity": "sha512-pqGHyWWzNck4jRfaGV39hkqpY5QjRUQ/nRbNT7FYbBa0xf4bDG+TE1Gt2KWZrSkrkZZDE3qZUjYMbjwSliX6pg==",
      "license": "Apache-2.0",
      "dependencies": {
        "@jsonjoy.com/fs-fsa": "4.57.1",
        "@jsonjoy.com/fs-node-builtins": "4.57.1",
        "@jsonjoy.com/fs-node-utils": "4.57.1"
      },
      "engines": {
        "node": ">=10.0"
      },
      "funding": {
        "type": "github",
        "url": "https://github.com/sponsors/streamich"
      },
      "peerDependencies": {
        "tslib": "2"
      }
    },
    "node_modules/@jsonjoy.com/fs-node-utils": {
      "version": "4.57.1",
      "resolved": "https://registry.npmjs.org/@jsonjoy.com/fs-node-utils/-/fs-node-utils-4.57.1.tgz",
      "integrity": "sha512-vp+7ZzIB8v43G+GLXTS4oDUSQmhAsRz532QmmWBbdYA20s465JvwhkSFvX9cVTqRRAQg+vZ7zWDaIEh0lFe2gw==",
      "license": "Apache-2.0",
      "dependencies": {
        "@jsonjoy.com/fs-node-builtins": "4.57.1"
      },
      "engines": {
        "node": ">=10.0"
      },
      "funding": {
        "type": "github",
        "url": "https://github.com/sponsors/streamich"
      },
      "peerDependencies": {
        "tslib": "2"
      }
    },
    "node_modules/@jsonjoy.com/fs-print": {
      "version": "4.57.1",
      "resolved": "https://registry.npmjs.org/@jsonjoy.com/fs-print/-/fs-print-4.57.1.tgz",
      "integrity": "sha512-Ynct7ZJmfk6qoXDOKfpovNA36ITUx8rChLmRQtW08J73VOiuNsU8PB6d/Xs7fxJC2ohWR3a5AqyjmLojfrw5yw==",
      "license": "Apache-2.0",
      "dependencies": {
        "@jsonjoy.com/fs-node-utils": "4.57.1",
        "tree-dump": "^1.1.0"
      },
      "engines": {
        "node": ">=10.0"
      },
      "funding": {
        "type": "github",
        "url": "https://github.com/sponsors/streamich"
      },
      "peerDependencies": {
        "tslib": "2"
      }
    },
    "node_modules/@jsonjoy.com/fs-snapshot": {
      "version": "4.57.1",
      "resolved": "https://registry.npmjs.org/@jsonjoy.com/fs-snapshot/-/fs-snapshot-4.57.1.tgz",
      "integrity": "sha512-/oG8xBNFMbDXTq9J7vepSA1kerS5vpgd3p5QZSPd+nX59uwodGJftI51gDYyHRpP57P3WCQf7LHtBYPqwUg2Bg==",
      "license": "Apache-2.0",
      "dependencies": {
        "@jsonjoy.com/buffers": "^17.65.0",
        "@jsonjoy.com/fs-node-utils": "4.57.1",
        "@jsonjoy.com/json-pack": "^17.65.0",
        "@jsonjoy.com/util": "^17.65.0"
      },
      "engines": {
        "node": ">=10.0"
      },
      "funding": {
        "type": "github",
        "url": "https://github.com/sponsors/streamich"
      },
      "peerDependencies": {
        "tslib": "2"
      }
    },
    "node_modules/@jsonjoy.com/fs-snapshot/node_modules/@jsonjoy.com/base64": {
      "version": "17.67.0",
      "resolved": "https://registry.npmjs.org/@jsonjoy.com/base64/-/base64-17.67.0.tgz",
      "integrity": "sha512-5SEsJGsm15aP8TQGkDfJvz9axgPwAEm98S5DxOuYe8e1EbfajcDmgeXXzccEjh+mLnjqEKrkBdjHWS5vFNwDdw==",
      "license": "Apache-2.0",
      "engines": {
        "node": ">=10.0"
      },
      "funding": {
        "type": "github",
        "url": "https://github.com/sponsors/streamich"
      },
      "peerDependencies": {
        "tslib": "2"
      }
    },
    "node_modules/@jsonjoy.com/fs-snapshot/node_modules/@jsonjoy.com/codegen": {
      "version": "17.67.0",
      "resolved": "https://registry.npmjs.org/@jsonjoy.com/codegen/-/codegen-17.67.0.tgz",
      "integrity": "sha512-idnkUplROpdBOV0HMcwhsCUS5TRUi9poagdGs70A6S4ux9+/aPuKbh8+UYRTLYQHtXvAdNfQWXDqZEx5k4Dj2Q==",
      "license": "Apache-2.0",
      "engines": {
        "node": ">=10.0"
      },
      "funding": {
        "type": "github",
        "url": "https://github.com/sponsors/streamich"
      },
      "peerDependencies": {
        "tslib": "2"
      }
    },
    "node_modules/@jsonjoy.com/fs-snapshot/node_modules/@jsonjoy.com/json-pack": {
      "version": "17.67.0",
      "resolved": "https://registry.npmjs.org/@jsonjoy.com/json-pack/-/json-pack-17.67.0.tgz",
      "integrity": "sha512-t0ejURcGaZsn1ClbJ/3kFqSOjlryd92eQY465IYrezsXmPcfHPE/av4twRSxf6WE+TkZgLY+71vCZbiIiFKA/w==",
      "license": "Apache-2.0",
      "dependencies": {
        "@jsonjoy.com/base64": "17.67.0",
        "@jsonjoy.com/buffers": "17.67.0",
        "@jsonjoy.com/codegen": "17.67.0",
        "@jsonjoy.com/json-pointer": "17.67.0",
        "@jsonjoy.com/util": "17.67.0",
        "hyperdyperid": "^1.2.0",
        "thingies": "^2.5.0",
        "tree-dump": "^1.1.0"
      },
      "engines": {
        "node": ">=10.0"
      },
      "funding": {
        "type": "github",
        "url": "https://github.com/sponsors/streamich"
      },
      "peerDependencies": {
        "tslib": "2"
      }
    },
    "node_modules/@jsonjoy.com/fs-snapshot/node_modules/@jsonjoy.com/json-pointer": {
      "version": "17.67.0",
      "resolved": "https://registry.npmjs.org/@jsonjoy.com/json-pointer/-/json-pointer-17.67.0.tgz",
      "integrity": "sha512-+iqOFInH+QZGmSuaybBUNdh7yvNrXvqR+h3wjXm0N/3JK1EyyFAeGJvqnmQL61d1ARLlk/wJdFKSL+LHJ1eaUA==",
      "license": "Apache-2.0",
      "dependencies": {
        "@jsonjoy.com/util": "17.67.0"
      },
      "engines": {
        "node": ">=10.0"
      },
      "funding": {
        "type": "github",
        "url": "https://github.com/sponsors/streamich"
      },
      "peerDependencies": {
        "tslib": "2"
      }
    },
    "node_modules/@jsonjoy.com/fs-snapshot/node_modules/@jsonjoy.com/util": {
      "version": "17.67.0",
      "resolved": "https://registry.npmjs.org/@jsonjoy.com/util/-/util-17.67.0.tgz",
      "integrity": "sha512-6+8xBaz1rLSohlGh68D1pdw3AwDi9xydm8QNlAFkvnavCJYSze+pxoW2VKP8p308jtlMRLs5NTHfPlZLd4w7ew==",
      "license": "Apache-2.0",
      "dependencies": {
        "@jsonjoy.com/buffers": "17.67.0",
        "@jsonjoy.com/codegen": "17.67.0"
      },
      "engines": {
        "node": ">=10.0"
      },
      "funding": {
        "type": "github",
        "url": "https://github.com/sponsors/streamich"
      },
      "peerDependencies": {
        "tslib": "2"
      }
    },
    "node_modules/@jsonjoy.com/json-pack": {
      "version": "1.21.0",
      "resolved": "https://registry.npmjs.org/@jsonjoy.com/json-pack/-/json-pack-1.21.0.tgz",
      "integrity": "sha512-+AKG+R2cfZMShzrF2uQw34v3zbeDYUqnQ+jg7ORic3BGtfw9p/+N6RJbq/kkV8JmYZaINknaEQ2m0/f693ZPpg==",
      "license": "Apache-2.0",
      "dependencies": {
        "@jsonjoy.com/base64": "^1.1.2",
        "@jsonjoy.com/buffers": "^1.2.0",
        "@jsonjoy.com/codegen": "^1.0.0",
        "@jsonjoy.com/json-pointer": "^1.0.2",
        "@jsonjoy.com/util": "^1.9.0",
        "hyperdyperid": "^1.2.0",
        "thingies": "^2.5.0",
        "tree-dump": "^1.1.0"
      },
      "engines": {
        "node": ">=10.0"
      },
      "funding": {
        "type": "github",
        "url": "https://github.com/sponsors/streamich"
      },
      "peerDependencies": {
        "tslib": "2"
      }
    },
    "node_modules/@jsonjoy.com/json-pack/node_modules/@jsonjoy.com/buffers": {
      "version": "1.2.1",
      "resolved": "https://registry.npmjs.org/@jsonjoy.com/buffers/-/buffers-1.2.1.tgz",
      "integrity": "sha512-12cdlDwX4RUM3QxmUbVJWqZ/mrK6dFQH4Zxq6+r1YXKXYBNgZXndx2qbCJwh3+WWkCSn67IjnlG3XYTvmvYtgA==",
      "license": "Apache-2.0",
      "engines": {
        "node": ">=10.0"
      },
      "funding": {
        "type": "github",
        "url": "https://github.com/sponsors/streamich"
      },
      "peerDependencies": {
        "tslib": "2"
      }
    },
    "node_modules/@jsonjoy.com/json-pointer": {
      "version": "1.0.2",
      "resolved": "https://registry.npmjs.org/@jsonjoy.com/json-pointer/-/json-pointer-1.0.2.tgz",
      "integrity": "sha512-Fsn6wM2zlDzY1U+v4Nc8bo3bVqgfNTGcn6dMgs6FjrEnt4ZCe60o6ByKRjOGlI2gow0aE/Q41QOigdTqkyK5fg==",
      "license": "Apache-2.0",
      "dependencies": {
        "@jsonjoy.com/codegen": "^1.0.0",
        "@jsonjoy.com/util": "^1.9.0"
      },
      "engines": {
        "node": ">=10.0"
      },
      "funding": {
        "type": "github",
        "url": "https://github.com/sponsors/streamich"
      },
      "peerDependencies": {
        "tslib": "2"
      }
    },
    "node_modules/@jsonjoy.com/util": {
      "version": "1.9.0",
      "resolved": "https://registry.npmjs.org/@jsonjoy.com/util/-/util-1.9.0.tgz",
      "integrity": "sha512-pLuQo+VPRnN8hfPqUTLTHk126wuYdXVxE6aDmjSeV4NCAgyxWbiOIeNJVtID3h1Vzpoi9m4jXezf73I6LgabgQ==",
      "license": "Apache-2.0",
      "dependencies": {
        "@jsonjoy.com/buffers": "^1.0.0",
        "@jsonjoy.com/codegen": "^1.0.0"
      },
      "engines": {
        "node": ">=10.0"
      },
      "funding": {
        "type": "github",
        "url": "https://github.com/sponsors/streamich"
      },
      "peerDependencies": {
        "tslib": "2"
      }
    },
    "node_modules/@jsonjoy.com/util/node_modules/@jsonjoy.com/buffers": {
      "version": "1.2.1",
      "resolved": "https://registry.npmjs.org/@jsonjoy.com/buffers/-/buffers-1.2.1.tgz",
      "integrity": "sha512-12cdlDwX4RUM3QxmUbVJWqZ/mrK6dFQH4Zxq6+r1YXKXYBNgZXndx2qbCJwh3+WWkCSn67IjnlG3XYTvmvYtgA==",
      "license": "Apache-2.0",
      "engines": {
        "node": ">=10.0"
      },
      "funding": {
        "type": "github",
        "url": "https://github.com/sponsors/streamich"
      },
      "peerDependencies": {
        "tslib": "2"
      }
    },
    "node_modules/@pinojs/redact": {
      "version": "0.4.0",
      "resolved": "https://registry.npmjs.org/@pinojs/redact/-/redact-0.4.0.tgz",
      "integrity": "sha512-k2ENnmBugE/rzQfEcdWHcCY+/FM3VLzH9cYEsbdsoqrvzAKRhUZeRNhAZvB8OitQJ1TBed3yqWtdjzS6wJKBwg==",
      "license": "MIT"
    },
    "node_modules/@types/js-yaml": {
      "version": "4.0.9",
      "resolved": "https://registry.npmjs.org/@types/js-yaml/-/js-yaml-4.0.9.tgz",
      "integrity": "sha512-k4MGaQl5TGo/iipqb2UDG2UwjXziSWkh0uysQelTlJpX1qGlpUZYm8PnO4DxG1qBomtJUdYJ6qR6xdIah10JLg==",
      "dev": true,
      "license": "MIT"
    },
    "node_modules/@types/node": {
      "version": "25.5.0",
      "resolved": "https://registry.npmjs.org/@types/node/-/node-25.5.0.tgz",
      "integrity": "sha512-jp2P3tQMSxWugkCUKLRPVUpGaL5MVFwF8RDuSRztfwgN1wmqJeMSbKlnEtQqU8UrhTmzEmZdu2I6v2dpp7XIxw==",
      "dev": true,
      "license": "MIT",
      "dependencies": {
        "undici-types": "~7.18.0"
      }
    },
    "node_modules/@voxgig/apidef": {
      "version": "4.1.0",
      "resolved": "https://registry.npmjs.org/@voxgig/apidef/-/apidef-4.1.0.tgz",
      "integrity": "sha512-W5T2EfbkM1pMAtKiZFgkuQyKsNP6ME+YUpJjQAuENwxlwgGDyr2IdfJN5fhK0D87tec/39RzFzA3T5hNa1wA2g==",
      "license": "MIT",
      "peer": true,
      "dependencies": {
        "@jsonic/yaml": "0.1.4",
        "@voxgig/struct": "^0.0.10",
        "@voxgig/util": "^0.3.0",
        "chokidar": "^5.0.0",
        "decircular": "^1.0.0",
        "diff": "^8.0.4",
        "gubu": "^9.0.0",
        "jostraca": "^0.28.0",
        "jsonic": "^2.19.0",
        "ordu": "^4.1.1",
        "pino": "^10.3.1",
        "pino-pretty": "^13.1.3"
      },
      "bin": {
        "voxgig-apidef": "bin/voxgig-apidef"
      },
      "peerDependencies": {
        "aontu": ">=0.39.0",
        "memfs": ">=4.57.1"
      }
    },
    "node_modules/@voxgig/struct": {
      "version": "0.0.10",
      "resolved": "https://registry.npmjs.org/@voxgig/struct/-/struct-0.0.10.tgz",
      "integrity": "sha512-A7wsj50d5QUWw8VAQZwkgsI6VdZkzHjdgEDy79s45arc7HBA07VNjenkN4zabYeBuSO2iIj4CXodhaUFK2hLxQ==",
      "license": "MIT",
      "peer": true
    },
    "node_modules/@voxgig/util": {
      "version": "0.3.0",
      "resolved": "https://registry.npmjs.org/@voxgig/util/-/util-0.3.0.tgz",
      "integrity": "sha512-Uw5Tl9gb1FQ2DgdURDFSfuLADL0E/+3OEFFbAPXZUNrvPeeTwHa+WqcwxOlAlcLvFZcbDtKi4rYVVtYdIL7erQ==",
      "license": "MIT",
      "peer": true,
      "peerDependencies": {
        "gubu": ">=9",
        "pino": ">=10",
        "pino-pretty": ">=13"
      }
    },
    "node_modules/aontu": {
      "version": "0.39.0",
      "resolved": "https://registry.npmjs.org/aontu/-/aontu-0.39.0.tgz",
      "integrity": "sha512-rlf5xtKI7QyJLk5/5SGKjCap+zCmqiraU/uTnbjMgjqfu+Al1Dd/U1N/AvVSjaoytFOA1uNYUPBqUxeeoxvezg==",
      "license": "MIT",
      "peer": true,
      "dependencies": {
        "@jsonic/directive": "^1.3.1",
        "@jsonic/expr": "^2.0.0",
        "@jsonic/multisource": "^2.5.0",
        "@jsonic/path": "^1.5.1",
        "jsonic": "^2.19.0"
      },
      "engines": {
        "node": ">=22"
      }
    },
    "node_modules/atomic-sleep": {
      "version": "1.0.0",
      "resolved": "https://registry.npmjs.org/atomic-sleep/-/atomic-sleep-1.0.0.tgz",
      "integrity": "sha512-kNOjDqAh7px0XWNI+4QbzoiR/nTkHAWNud2uvnJquD1/x5a7EQZMJT0AczqK0Qn67oY/TTQ1LbUKajZpp3I9tQ==",
      "license": "MIT",
      "engines": {
        "node": ">=8.0.0"
      }
    },
    "node_modules/chokidar": {
      "version": "5.0.0",
      "resolved": "https://registry.npmjs.org/chokidar/-/chokidar-5.0.0.tgz",
      "integrity": "sha512-TQMmc3w+5AxjpL8iIiwebF73dRDF4fBIieAqGn9RGCWaEVwQ6Fb2cGe31Yns0RRIzii5goJ1Y7xbMwo1TxMplw==",
      "license": "MIT",
      "dependencies": {
        "readdirp": "^5.0.0"
      },
      "engines": {
        "node": ">= 20.19.0"
      },
      "funding": {
        "url": "https://paulmillr.com/funding/"
      }
    },
    "node_modules/colorette": {
      "version": "2.0.20",
      "resolved": "https://registry.npmjs.org/colorette/-/colorette-2.0.20.tgz",
      "integrity": "sha512-IfEDxwoWIjkeXL1eXcDiow4UbKjhLdq6/EuSVR9GMN7KVH3r9gQ83e73hsz1Nd1T3ijd5xv1wcWRYO+D6kCI2w==",
      "license": "MIT"
    },
    "node_modules/dateformat": {
      "version": "4.6.3",
      "resolved": "https://registry.npmjs.org/dateformat/-/dateformat-4.6.3.tgz",
      "integrity": "sha512-2P0p0pFGzHS5EMnhdxQi7aJN+iMheud0UhG4dlE1DLAlvL8JHjJJTX/CSm4JXwV0Ka5nGk3zC5mcb5bUQUxxMA==",
      "license": "MIT",
      "engines": {
        "node": "*"
      }
    },
    "node_modules/decircular": {
      "version": "1.0.0",
      "resolved": "https://registry.npmjs.org/decircular/-/decircular-1.0.0.tgz",
      "integrity": "sha512-YhCtYW0jQs9+gzL2vDLxanRhMHeKa55kw5z2oheI6D+MQA7KafrqtiGKhhpKCLZQurm2a9h0LkP9T5z5gy+A0A==",
      "license": "MIT",
      "engines": {
        "node": ">=18"
      },
      "funding": {
        "url": "https://github.com/sponsors/sindresorhus"
      }
    },
    "node_modules/diff": {
      "version": "8.0.4",
      "resolved": "https://registry.npmjs.org/diff/-/diff-8.0.4.tgz",
      "integrity": "sha512-DPi0FmjiSU5EvQV0++GFDOJ9ASQUVFh5kD+OzOnYdi7n3Wpm9hWWGfB/O2blfHcMVTL5WkQXSnRiK9makhrcnw==",
      "license": "BSD-3-Clause",
      "engines": {
        "node": ">=0.3.1"
      }
    },
    "node_modules/end-of-stream": {
      "version": "1.4.5",
      "resolved": "https://registry.npmjs.org/end-of-stream/-/end-of-stream-1.4.5.tgz",
      "integrity": "sha512-ooEGc6HP26xXq/N+GCGOT0JKCLDGrq2bQUZrQ7gyrJiZANJ/8YDTxTpQBXGMn+WbIQXNVpyWymm7KYVICQnyOg==",
      "license": "MIT",
      "dependencies": {
        "once": "^1.4.0"
      }
    },
    "node_modules/fast-copy": {
      "version": "4.0.2",
      "resolved": "https://registry.npmjs.org/fast-copy/-/fast-copy-4.0.2.tgz",
      "integrity": "sha512-ybA6PDXIXOXivLJK/z9e+Otk7ve13I4ckBvGO5I2RRmBU1gMHLVDJYEuJYhGwez7YNlYji2M2DvVU+a9mSFDlw==",
      "license": "MIT"
    },
    "node_modules/fast-safe-stringify": {
      "version": "2.1.1",
      "resolved": "https://registry.npmjs.org/fast-safe-stringify/-/fast-safe-stringify-2.1.1.tgz",
      "integrity": "sha512-W+KJc2dmILlPplD/H4K9l9LcAHAfPtP6BY84uVLXQ6Evcz9Lcg33Y2z1IVblT6xdY54PXYVHEv+0Wpq8Io6zkA==",
      "license": "MIT"
    },
    "node_modules/glob-to-regex.js": {
      "version": "1.2.0",
      "resolved": "https://registry.npmjs.org/glob-to-regex.js/-/glob-to-regex.js-1.2.0.tgz",
      "integrity": "sha512-QMwlOQKU/IzqMUOAZWubUOT8Qft+Y0KQWnX9nK3ch0CJg0tTp4TvGZsTfudYKv2NzoQSyPcnA6TYeIQ3jGichQ==",
      "license": "Apache-2.0",
      "engines": {
        "node": ">=10.0"
      },
      "funding": {
        "type": "github",
        "url": "https://github.com/sponsors/streamich"
      },
      "peerDependencies": {
        "tslib": "2"
      }
    },
    "node_modules/gubu": {
      "version": "9.0.0",
      "resolved": "https://registry.npmjs.org/gubu/-/gubu-9.0.0.tgz",
      "integrity": "sha512-ha4I76HekhYzoXoA5gJql3ql/fTRaj+pyQUwOITCuEENE8sdInUU1lc0+Wr7v4GeAh0Kh8sUCNuwwOw6DHRYTA==",
      "license": "MIT",
      "peer": true,
      "engines": {
        "node": ">=14"
      }
    },
    "node_modules/help-me": {
      "version": "5.0.0",
      "resolved": "https://registry.npmjs.org/help-me/-/help-me-5.0.0.tgz",
      "integrity": "sha512-7xgomUX6ADmcYzFik0HzAxh/73YlKR9bmFzf51CZwR+b6YtzU2m0u49hQCqV6SvlqIqsaxovfwdvbnsw3b/zpg==",
      "license": "MIT"
    },
    "node_modules/hyperdyperid": {
      "version": "1.2.0",
      "resolved": "https://registry.npmjs.org/hyperdyperid/-/hyperdyperid-1.2.0.tgz",
      "integrity": "sha512-Y93lCzHYgGWdrJ66yIktxiaGULYc6oGiABxhcO5AufBeOyoIdZF7bIfLaOrbM0iGIOXQQgxxRrFEnb+Y6w1n4A==",
      "license": "MIT",
      "engines": {
        "node": ">=10.18"
      }
    },
    "node_modules/jostraca": {
      "version": "0.28.0",
      "resolved": "https://registry.npmjs.org/jostraca/-/jostraca-0.28.0.tgz",
      "integrity": "sha512-NLUSU66qp7xPufpM9HFZ1Prp7HtSrr6eJlFB8a9Eu3KYsO1G2LaqBEHoOdzIjAbbq/ld+GAcSqXA2Dbm7k5oCA==",
      "license": "MIT",
      "peer": true,
      "dependencies": {
        "diff": "8.0.4",
        "node-diff3": "3.2.0",
        "shape": "^10.0.1"
      },
      "peerDependencies": {
        "jsonic": ">=2.19.0",
        "memfs": ">=4"
      }
    },
    "node_modules/joycon": {
      "version": "3.1.1",
      "resolved": "https://registry.npmjs.org/joycon/-/joycon-3.1.1.tgz",
      "integrity": "sha512-34wB/Y7MW7bzjKRjUKTa46I2Z7eV62Rkhva+KkopW7Qvv/OSWBqvkSY7vusOPrNuZcUG3tApvdVgNB8POj3SPw==",
      "license": "MIT",
      "engines": {
        "node": ">=10"
      }
    },
    "node_modules/json-schema-to-ts": {
      "version": "3.1.1",
      "resolved": "https://registry.npmjs.org/json-schema-to-ts/-/json-schema-to-ts-3.1.1.tgz",
      "integrity": "sha512-+DWg8jCJG2TEnpy7kOm/7/AxaYoaRbjVB4LFZLySZlWn8exGs3A4OLJR966cVvU26N7X9TWxl+Jsw7dzAqKT6g==",
      "dev": true,
      "license": "MIT",
      "dependencies": {
        "@babel/runtime": "^7.18.3",
        "ts-algebra": "^2.0.0"
      },
      "engines": {
        "node": ">=16"
      }
    },
    "node_modules/jsonic": {
      "version": "2.19.0",
      "resolved": "https://registry.npmjs.org/jsonic/-/jsonic-2.19.0.tgz",
      "integrity": "sha512-AvAwMp0CoLTOwmO/yVtnZjEMdPMyCae6IVnwdWBhUB2/ahBBgKy2vT/thrWtEqgWr+xv2z60Rv+IpsTnk914eg==",
      "license": "MIT",
      "peer": true,
      "bin": {
        "jsonic": "bin/jsonic"
      }
    },
    "node_modules/memfs": {
      "version": "4.57.1",
      "resolved": "https://registry.npmjs.org/memfs/-/memfs-4.57.1.tgz",
      "integrity": "sha512-WvzrWPwMQT+PtbX2Et64R4qXKK0fj/8pO85MrUCzymX3twwCiJCdvntW3HdhG1teLJcHDDLIKx5+c3HckWYZtQ==",
      "license": "Apache-2.0",
      "peer": true,
      "dependencies": {
        "@jsonjoy.com/fs-core": "4.57.1",
        "@jsonjoy.com/fs-fsa": "4.57.1",
        "@jsonjoy.com/fs-node": "4.57.1",
        "@jsonjoy.com/fs-node-builtins": "4.57.1",
        "@jsonjoy.com/fs-node-to-fsa": "4.57.1",
        "@jsonjoy.com/fs-node-utils": "4.57.1",
        "@jsonjoy.com/fs-print": "4.57.1",
        "@jsonjoy.com/fs-snapshot": "4.57.1",
        "@jsonjoy.com/json-pack": "^1.11.0",
        "@jsonjoy.com/util": "^1.9.0",
        "glob-to-regex.js": "^1.0.1",
        "thingies": "^2.5.0",
        "tree-dump": "^1.0.3",
        "tslib": "^2.0.0"
      },
      "funding": {
        "type": "github",
        "url": "https://github.com/sponsors/streamich"
      },
      "peerDependencies": {
        "tslib": "2"
      }
    },
    "node_modules/minimist": {
      "version": "1.2.8",
      "resolved": "https://registry.npmjs.org/minimist/-/minimist-1.2.8.tgz",
      "integrity": "sha512-2yyAR8qBkN3YuheJanUpWC5U3bb5osDywNB8RzDVlDwDHbocAJveqqj1u8+SVD7jkWT4yvsHCpWqqWqAxb0zCA==",
      "license": "MIT",
      "funding": {
        "url": "https://github.com/sponsors/ljharb"
      }
    },
    "node_modules/node-diff3": {
      "version": "3.2.0",
      "resolved": "https://registry.npmjs.org/node-diff3/-/node-diff3-3.2.0.tgz",
      "integrity": "sha512-vLh2xJFSyniBLYDEDbXKqD32fQ5vAxmYT4hco8t0EHQ4CQ4BDHhshi7kdvDc6Y1MwGSi1Mhl4unUukPbCayZdw==",
      "license": "MIT",
      "engines": {
        "bun": ">=1.3.0",
        "node": ">=18"
      }
    },
    "node_modules/nua": {
      "version": "2.1.4",
      "resolved": "https://registry.npmjs.org/nua/-/nua-2.1.4.tgz",
      "integrity": "sha512-h5KuLvibWV/pM60uOdd+6yhIof2MMVExzi8WiN9XmaMYiuPOOqN6b8mDpfehF3SoeoHJ7mkJQqq6hkjxiTfnrw==",
      "license": "MIT"
    },
    "node_modules/on-exit-leak-free": {
      "version": "2.1.2",
      "resolved": "https://registry.npmjs.org/on-exit-leak-free/-/on-exit-leak-free-2.1.2.tgz",
      "integrity": "sha512-0eJJY6hXLGf1udHwfNftBqH+g73EU4B504nZeKpz1sYRKafAghwxEJunB2O7rDZkL4PGfsMVnTXZ2EjibbqcsA==",
      "license": "MIT",
      "engines": {
        "node": ">=14.0.0"
      }
    },
    "node_modules/once": {
      "version": "1.4.0",
      "resolved": "https://registry.npmjs.org/once/-/once-1.4.0.tgz",
      "integrity": "sha512-lNaJgI+2Q5URQBkccEKHTQOPaXdUxnZZElQTZY0MFUAuaEqe1E+Nyvgdz/aIyNi6Z9MzO5dv1H8n58/GELp3+w==",
      "license": "ISC",
      "dependencies": {
        "wrappy": "1"
      }
    },
    "node_modules/ordu": {
      "version": "4.1.1",
      "resolved": "https://registry.npmjs.org/ordu/-/ordu-4.1.1.tgz",
      "integrity": "sha512-OjmnuUU6NBR9YId/i42N9ZHsVLyvIydiR56tlALO1YE/Ps31EFR2Pwr7puUgD1q2b5cCWRlQOwjX9bBU13W0Zg==",
      "license": "MIT",
      "dependencies": {
        "@hapi/hoek": "^11.0.7",
        "nua": "^2.1.4",
        "strict-event-emitter-types": "^2.0.0"
      }
    },
    "node_modules/pino": {
      "version": "10.3.1",
      "resolved": "https://registry.npmjs.org/pino/-/pino-10.3.1.tgz",
      "integrity": "sha512-r34yH/GlQpKZbU1BvFFqOjhISRo1MNx1tWYsYvmj6KIRHSPMT2+yHOEb1SG6NMvRoHRF0a07kCOox/9yakl1vg==",
      "license": "MIT",
      "peer": true,
      "dependencies": {
        "@pinojs/redact": "^0.4.0",
        "atomic-sleep": "^1.0.0",
        "on-exit-leak-free": "^2.1.0",
        "pino-abstract-transport": "^3.0.0",
        "pino-std-serializers": "^7.0.0",
        "process-warning": "^5.0.0",
        "quick-format-unescaped": "^4.0.3",
        "real-require": "^0.2.0",
        "safe-stable-stringify": "^2.3.1",
        "sonic-boom": "^4.0.1",
        "thread-stream": "^4.0.0"
      },
      "bin": {
        "pino": "bin.js"
      }
    },
    "node_modules/pino-abstract-transport": {
      "version": "3.0.0",
      "resolved": "https://registry.npmjs.org/pino-abstract-transport/-/pino-abstract-transport-3.0.0.tgz",
      "integrity": "sha512-wlfUczU+n7Hy/Ha5j9a/gZNy7We5+cXp8YL+X+PG8S0KXxw7n/JXA3c46Y0zQznIJ83URJiwy7Lh56WLokNuxg==",
      "license": "MIT",
      "dependencies": {
        "split2": "^4.0.0"
      }
    },
    "node_modules/pino-pretty": {
      "version": "13.1.3",
      "resolved": "https://registry.npmjs.org/pino-pretty/-/pino-pretty-13.1.3.tgz",
      "integrity": "sha512-ttXRkkOz6WWC95KeY9+xxWL6AtImwbyMHrL1mSwqwW9u+vLp/WIElvHvCSDg0xO/Dzrggz1zv3rN5ovTRVowKg==",
      "license": "MIT",
      "peer": true,
      "dependencies": {
        "colorette": "^2.0.7",
        "dateformat": "^4.6.3",
        "fast-copy": "^4.0.0",
        "fast-safe-stringify": "^2.1.1",
        "help-me": "^5.0.0",
        "joycon": "^3.1.1",
        "minimist": "^1.2.6",
        "on-exit-leak-free": "^2.1.0",
        "pino-abstract-transport": "^3.0.0",
        "pump": "^3.0.0",
        "secure-json-parse": "^4.0.0",
        "sonic-boom": "^4.0.1",
        "strip-json-comments": "^5.0.2"
      },
      "bin": {
        "pino-pretty": "bin.js"
      }
    },
    "node_modules/pino-std-serializers": {
      "version": "7.1.0",
      "resolved": "https://registry.npmjs.org/pino-std-serializers/-/pino-std-serializers-7.1.0.tgz",
      "integrity": "sha512-BndPH67/JxGExRgiX1dX0w1FvZck5Wa4aal9198SrRhZjH3GxKQUKIBnYJTdj2HDN3UQAS06HlfcSbQj2OHmaw==",
      "license": "MIT"
    },
    "node_modules/process-warning": {
      "version": "5.0.0",
      "resolved": "https://registry.npmjs.org/process-warning/-/process-warning-5.0.0.tgz",
      "integrity": "sha512-a39t9ApHNx2L4+HBnQKqxxHNs1r7KF+Intd8Q/g1bUh6q0WIp9voPXJ/x0j+ZL45KF1pJd9+q2jLIRMfvEshkA==",
      "funding": [
        {
          "type": "github",
          "url": "https://github.com/sponsors/fastify"
        },
        {
          "type": "opencollective",
          "url": "https://opencollective.com/fastify"
        }
      ],
      "license": "MIT"
    },
    "node_modules/pump": {
      "version": "3.0.4",
      "resolved": "https://registry.npmjs.org/pump/-/pump-3.0.4.tgz",
      "integrity": "sha512-VS7sjc6KR7e1ukRFhQSY5LM2uBWAUPiOPa/A3mkKmiMwSmRFUITt0xuj+/lesgnCv+dPIEYlkzrcyXgquIHMcA==",
      "license": "MIT",
      "dependencies": {
        "end-of-stream": "^1.1.0",
        "once": "^1.3.1"
      }
    },
    "node_modules/quick-format-unescaped": {
      "version": "4.0.4",
      "resolved": "https://registry.npmjs.org/quick-format-unescaped/-/quick-format-unescaped-4.0.4.tgz",
      "integrity": "sha512-tYC1Q1hgyRuHgloV/YXs2w15unPVh8qfu/qCTfhTYamaw7fyhumKa2yGpdSo87vY32rIclj+4fWYQXUMs9EHvg==",
      "license": "MIT"
    },
    "node_modules/readdirp": {
      "version": "5.0.0",
      "resolved": "https://registry.npmjs.org/readdirp/-/readdirp-5.0.0.tgz",
      "integrity": "sha512-9u/XQ1pvrQtYyMpZe7DXKv2p5CNvyVwzUB6uhLAnQwHMSgKMBR62lc7AHljaeteeHXn11XTAaLLUVZYVZyuRBQ==",
      "license": "MIT",
      "engines": {
        "node": ">= 20.19.0"
      },
      "funding": {
        "type": "individual",
        "url": "https://paulmillr.com/funding/"
      }
    },
    "node_modules/real-require": {
      "version": "0.2.0",
      "resolved": "https://registry.npmjs.org/real-require/-/real-require-0.2.0.tgz",
      "integrity": "sha512-57frrGM/OCTLqLOAh0mhVA9VBMHd+9U7Zb2THMGdBUoZVOtGbJzjxsYGDJ3A9AYYCP4hn6y1TVbaOfzWtm5GFg==",
      "license": "MIT",
      "engines": {
        "node": ">= 12.13.0"
      }
    },
    "node_modules/safe-stable-stringify": {
      "version": "2.5.0",
      "resolved": "https://registry.npmjs.org/safe-stable-stringify/-/safe-stable-stringify-2.5.0.tgz",
      "integrity": "sha512-b3rppTKm9T+PsVCBEOUR46GWI7fdOs00VKZ1+9c1EWDaDMvjQc6tUwuFyIprgGgTcWoVHSKrU8H31ZHA2e0RHA==",
      "license": "MIT",
      "engines": {
        "node": ">=10"
      }
    },
    "node_modules/secure-json-parse": {
      "version": "4.1.0",
      "resolved": "https://registry.npmjs.org/secure-json-parse/-/secure-json-parse-4.1.0.tgz",
      "integrity": "sha512-l4KnYfEyqYJxDwlNVyRfO2E4NTHfMKAWdUuA8J0yve2Dz/E/PdBepY03RvyJpssIpRFwJoCD55wA+mEDs6ByWA==",
      "funding": [
        {
          "type": "github",
          "url": "https://github.com/sponsors/fastify"
        },
        {
          "type": "opencollective",
          "url": "https://opencollective.com/fastify"
        }
      ],
      "license": "BSD-3-Clause"
    },
    "node_modules/shape": {
      "version": "10.0.1",
      "resolved": "https://registry.npmjs.org/shape/-/shape-10.0.1.tgz",
      "integrity": "sha512-QS8kzZgnntvzzHmkZXKEnjpA0x7nCK1q7YmfM0NHpUm/oh53mvMPfRiLa4zEDKFQsDDG3T7spjbmXwGI16reAw==",
      "license": "MIT",
      "engines": {
        "node": ">=24"
      }
    },
    "node_modules/sonic-boom": {
      "version": "4.2.1",
      "resolved": "https://registry.npmjs.org/sonic-boom/-/sonic-boom-4.2.1.tgz",
      "integrity": "sha512-w6AxtubXa2wTXAUsZMMWERrsIRAdrK0Sc+FUytWvYAhBJLyuI4llrMIC1DtlNSdI99EI86KZum2MMq3EAZlF9Q==",
      "license": "MIT",
      "dependencies": {
        "atomic-sleep": "^1.0.0"
      }
    },
    "node_modules/split2": {
      "version": "4.2.0",
      "resolved": "https://registry.npmjs.org/split2/-/split2-4.2.0.tgz",
      "integrity": "sha512-UcjcJOWknrNkF6PLX83qcHM6KHgVKNkV62Y8a5uYDVv9ydGQVwAHMKqHdJje1VTWpljG0WYpCDhrCdAOYH4TWg==",
      "license": "ISC",
      "engines": {
        "node": ">= 10.x"
      }
    },
    "node_modules/strict-event-emitter-types": {
      "version": "2.0.0",
      "resolved": "https://registry.npmjs.org/strict-event-emitter-types/-/strict-event-emitter-types-2.0.0.tgz",
      "integrity": "sha512-Nk/brWYpD85WlOgzw5h173aci0Teyv8YdIAEtV+N88nDB0dLlazZyJMIsN6eo1/AR61l+p6CJTG1JIyFaoNEEA==",
      "license": "ISC"
    },
    "node_modules/strip-json-comments": {
      "version": "5.0.3",
      "resolved": "https://registry.npmjs.org/strip-json-comments/-/strip-json-comments-5.0.3.tgz",
      "integrity": "sha512-1tB5mhVo7U+ETBKNf92xT4hrQa3pm0MZ0PQvuDnWgAAGHDsfp4lPSpiS6psrSiet87wyGPh9ft6wmhOMQ0hDiw==",
      "license": "MIT",
      "engines": {
        "node": ">=14.16"
      },
      "funding": {
        "url": "https://github.com/sponsors/sindresorhus"
      }
    },
    "node_modules/thingies": {
      "version": "2.6.0",
      "resolved": "https://registry.npmjs.org/thingies/-/thingies-2.6.0.tgz",
      "integrity": "sha512-rMHRjmlFLM1R96UYPvpmnc3LYtdFrT33JIB7L9hetGue1qAPfn1N2LJeEjxUSidu1Iku+haLZXDuEXUHNGO/lg==",
      "license": "MIT",
      "engines": {
        "node": ">=10.18"
      },
      "funding": {
        "type": "github",
        "url": "https://github.com/sponsors/streamich"
      },
      "peerDependencies": {
        "tslib": "^2"
      }
    },
    "node_modules/thread-stream": {
      "version": "4.0.0",
      "resolved": "https://registry.npmjs.org/thread-stream/-/thread-stream-4.0.0.tgz",
      "integrity": "sha512-4iMVL6HAINXWf1ZKZjIPcz5wYaOdPhtO8ATvZ+Xqp3BTdaqtAwQkNmKORqcIo5YkQqGXq5cwfswDwMqqQNrpJA==",
      "license": "MIT",
      "dependencies": {
        "real-require": "^0.2.0"
      },
      "engines": {
        "node": ">=20"
      }
    },
    "node_modules/tree-dump": {
      "version": "1.1.0",
      "resolved": "https://registry.npmjs.org/tree-dump/-/tree-dump-1.1.0.tgz",
      "integrity": "sha512-rMuvhU4MCDbcbnleZTFezWsaZXRFemSqAM+7jPnzUl1fo9w3YEKOxAeui0fz3OI4EU4hf23iyA7uQRVko+UaBA==",
      "license": "Apache-2.0",
      "engines": {
        "node": ">=10.0"
      },
      "funding": {
        "type": "github",
        "url": "https://github.com/sponsors/streamich"
      },
      "peerDependencies": {
        "tslib": "2"
      }
    },
    "node_modules/ts-algebra": {
      "version": "2.0.0",
      "resolved": "https://registry.npmjs.org/ts-algebra/-/ts-algebra-2.0.0.tgz",
      "integrity": "sha512-FPAhNPFMrkwz76P7cdjdmiShwMynZYN6SgOujD1urY4oNm80Ou9oMdmbR45LotcKOXoy7wSmHkRFE6Mxbrhefw==",
      "dev": true,
      "license": "MIT"
    },
    "node_modules/tslib": {
      "version": "2.8.1",
      "resolved": "https://registry.npmjs.org/tslib/-/tslib-2.8.1.tgz",
      "integrity": "sha512-oJFu94HQb+KVduSUQL7wnpmqnfmLsOA/nAh6b6EH0wCEoK0/mPeXU6c3wKDV83MkOuHPRHtSXKKU99IBazS/2w==",
      "license": "0BSD",
      "peer": true
    },
    "node_modules/typescript": {
      "version": "6.0.2",
      "resolved": "https://registry.npmjs.org/typescript/-/typescript-6.0.2.tgz",
      "integrity": "sha512-bGdAIrZ0wiGDo5l8c++HWtbaNCWTS4UTv7RaTH/ThVIgjkveJt83m74bBHMJkuCbslY8ixgLBVZJIOiQlQTjfQ==",
      "dev": true,
      "license": "Apache-2.0",
      "bin": {
        "tsc": "bin/tsc",
        "tsserver": "bin/tsserver"
      },
      "engines": {
        "node": ">=14.17"
      }
    },
    "node_modules/undici-types": {
      "version": "7.18.2",
      "resolved": "https://registry.npmjs.org/undici-types/-/undici-types-7.18.2.tgz",
      "integrity": "sha512-AsuCzffGHJybSaRrmr5eHr81mwJU3kjw6M+uprWvCXiNeN9SOGwQ3Jn8jb8m3Z6izVgknn1R0FTCEAP2QrLY/w==",
      "dev": true,
      "license": "MIT"
    },
    "node_modules/wrappy": {
      "version": "1.0.2",
      "resolved": "https://registry.npmjs.org/wrappy/-/wrappy-1.0.2.tgz",
      "integrity": "sha512-l4Sp/DRseor9wL6EvV2+TuQn63dMkPjZ/sp9XkghTEbV9KlPS1xUsZ3u7/IQO4wxtcFB4bgpQPRcR3QCvezPcQ==",
      "license": "ISC"
    }
  }
}
