{
  "name": "@voxgig/sdkgen",
  "version": "0.23.0",
  "lockfileVersion": 3,
  "requires": true,
  "packages": {
    "": {
      "name": "@voxgig/sdkgen",
      "version": "0.23.0",
      "license": "MIT",
      "bin": {
        "voxgig-sdkgen": "bin/voxgig-sdkgen"
      },
      "devDependencies": {
        "@hapi/code": "^9.0.3",
        "@types/js-yaml": "^4.0.9",
        "@types/node": "24.1.0",
        "json-schema-to-ts": "^3.1.1",
        "memfs": "^4.25.1",
        "typescript": "^5.9.2"
      },
      "peerDependencies": {
        "@redocly/openapi-core": ">=1",
        "@voxgig/struct": ">=0",
        "@voxgig/util": ">=0",
        "aontu": ">=0",
        "jostraca": ">=0"
      }
    },
    "node_modules/@babel/runtime": {
      "version": "7.28.2",
      "resolved": "https://registry.npmjs.org/@babel/runtime/-/runtime-7.28.2.tgz",
      "integrity": "sha512-KHp2IflsnGywDjBWDkR9iEqiWSpc8GIi0lgTT3mOElT0PP1tG26P4tmFI2YvAdzgq9RGyoHZQEIEdZy6Ec5xCA==",
      "dev": true,
      "license": "MIT",
      "engines": {
        "node": ">=6.9.0"
      }
    },
    "node_modules/@hapi/code": {
      "version": "9.0.3",
      "resolved": "https://registry.npmjs.org/@hapi/code/-/code-9.0.3.tgz",
      "integrity": "sha512-g50b7qz861Xfnt1NWtcba1zVxlHLPDJh/4ys6pva6jMmQgbTDLgAkbORDHYbVSA7mYxZ2cHZ2n7ZeFb5j/ZhQw==",
      "dev": true,
      "license": "BSD-3-Clause",
      "dependencies": {
        "@hapi/hoek": "^11.0.2"
      }
    },
    "node_modules/@hapi/hoek": {
      "version": "11.0.7",
      "resolved": "https://registry.npmjs.org/@hapi/hoek/-/hoek-11.0.7.tgz",
      "integrity": "sha512-HV5undWkKzcB4RZUusqOpcgxOaq6VOAH7zhhIr2g3G8NF/MlFO75SjOr2NfuSx0Mh40+1FqCkagKLJRykUWoFQ==",
      "dev": true,
      "license": "BSD-3-Clause"
    },
    "node_modules/@jsonic/directive": {
      "version": "1.1.0",
      "resolved": "https://registry.npmjs.org/@jsonic/directive/-/directive-1.1.0.tgz",
      "integrity": "sha512-L/t2SXEz3eM9yQ5swQNfYrzdx5Yp/PwIGAUhlX8QnIRjiO7D6BX3VztISpmUnxyOsf2x2oRlwoZyKQZk6xFDDA==",
      "license": "MIT",
      "peer": true,
      "peerDependencies": {
        "jsonic": ">=2.16.0"
      }
    },
    "node_modules/@jsonic/expr": {
      "version": "1.3.0",
      "resolved": "https://registry.npmjs.org/@jsonic/expr/-/expr-1.3.0.tgz",
      "integrity": "sha512-qk0HgnCwde535vZtYpdNa+0c8fr/VvCECU5NNAr2jrGPvHmcURrNNacwLtUdZWe3V7O4Y0k11v2LUwqWyqgq2A==",
      "license": "MIT",
      "peer": true,
      "peerDependencies": {
        "jsonic": "2.16.0"
      }
    },
    "node_modules/@jsonic/multisource": {
      "version": "1.9.0",
      "resolved": "https://registry.npmjs.org/@jsonic/multisource/-/multisource-1.9.0.tgz",
      "integrity": "sha512-9JNENpng45ev9SphwYYN6bgIWpVP915lfMJOi98xWE6X1HpWeC0CB5+c3sxdsX9iefico8SV8FqKxc8ufhOXKQ==",
      "license": "MIT",
      "peer": true,
      "peerDependencies": {
        "@jsonic/directive": ">=1.1.0",
        "@jsonic/path": ">=1.3.0",
        "jsonic": ">=2.16.0"
      }
    },
    "node_modules/@jsonic/path": {
      "version": "1.4.0",
      "resolved": "https://registry.npmjs.org/@jsonic/path/-/path-1.4.0.tgz",
      "integrity": "sha512-Z5CkxD7Pi1pcukAkfTaIJsH36QdxdKVk80fbklDS6ou7CptJ1RvfSDN9aYiKdggS5zyygspkzSq/k4Sbiiu/gw==",
      "license": "MIT",
      "peer": true,
      "peerDependencies": {
        "jsonic": ">=2.16.0"
      }
    },
    "node_modules/@jsonjoy.com/base64": {
      "version": "1.1.2",
      "resolved": "https://registry.npmjs.org/@jsonjoy.com/base64/-/base64-1.1.2.tgz",
      "integrity": "sha512-q6XAnWQDIMA3+FTiOYajoYqySkO+JSat0ytXGSuRdq9uXE7o92gzuQwQM14xaCRlBLGq3v5miDGC4vkVTn54xA==",
      "license": "Apache-2.0",
      "engines": {
        "node": ">=10.0"
      },
      "funding": {
        "type": "github",
        "url": "https://github.com/sponsors/streamich"
      },
      "peerDependencies": {
        "tslib": "2"
      }
    },
    "node_modules/@jsonjoy.com/json-pack": {
      "version": "1.4.0",
      "resolved": "https://registry.npmjs.org/@jsonjoy.com/json-pack/-/json-pack-1.4.0.tgz",
      "integrity": "sha512-Akn8XZqN3xO9YGcgvIiTauBBXTP92QSvw6EcGha+p5nm7brhbwvev5gw4fi+ouLGrBpfPpb72+S5pxl4mkMIGQ==",
      "license": "Apache-2.0",
      "dependencies": {
        "@jsonjoy.com/base64": "^1.1.1",
        "@jsonjoy.com/util": "^1.1.2",
        "hyperdyperid": "^1.2.0",
        "thingies": "^1.20.0"
      },
      "engines": {
        "node": ">=10.0"
      },
      "funding": {
        "type": "github",
        "url": "https://github.com/sponsors/streamich"
      },
      "peerDependencies": {
        "tslib": "2"
      }
    },
    "node_modules/@jsonjoy.com/util": {
      "version": "1.8.0",
      "resolved": "https://registry.npmjs.org/@jsonjoy.com/util/-/util-1.8.0.tgz",
      "integrity": "sha512-HeR0JQNEdBozt+FrfyM5T0X3R+fIN0D+BRDkxPP5o41fTWzHfeZEqtK16aTW8haU+h+SG7XYq9PP5kobvOmkSA==",
      "license": "Apache-2.0",
      "engines": {
        "node": ">=10.0"
      },
      "funding": {
        "type": "github",
        "url": "https://github.com/sponsors/streamich"
      },
      "peerDependencies": {
        "tslib": "2"
      }
    },
    "node_modules/@redocly/ajv": {
      "version": "8.11.2",
      "resolved": "https://registry.npmjs.org/@redocly/ajv/-/ajv-8.11.2.tgz",
      "integrity": "sha512-io1JpnwtIcvojV7QKDUSIuMN/ikdOUd1ReEnUnMKGfDVridQZ31J0MmIuqwuRjWDZfmvr+Q0MqCcfHM2gTivOg==",
      "license": "MIT",
      "peer": true,
      "dependencies": {
        "fast-deep-equal": "^3.1.1",
        "json-schema-traverse": "^1.0.0",
        "require-from-string": "^2.0.2",
        "uri-js-replace": "^1.0.1"
      },
      "funding": {
        "type": "github",
        "url": "https://github.com/sponsors/epoberezkin"
      }
    },
    "node_modules/@redocly/config": {
      "version": "0.22.2",
      "resolved": "https://registry.npmjs.org/@redocly/config/-/config-0.22.2.tgz",
      "integrity": "sha512-roRDai8/zr2S9YfmzUfNhKjOF0NdcOIqF7bhf4MVC5UxpjIysDjyudvlAiVbpPHp3eDRWbdzUgtkK1a7YiDNyQ==",
      "license": "MIT",
      "peer": true
    },
    "node_modules/@redocly/openapi-core": {
      "version": "1.34.5",
      "resolved": "https://registry.npmjs.org/@redocly/openapi-core/-/openapi-core-1.34.5.tgz",
      "integrity": "sha512-0EbE8LRbkogtcCXU7liAyC00n9uNG9hJ+eMyHFdUsy9lB/WGqnEBgwjA9q2cyzAVcdTkQqTBBU1XePNnN3OijA==",
      "license": "MIT",
      "peer": true,
      "dependencies": {
        "@redocly/ajv": "^8.11.2",
        "@redocly/config": "^0.22.0",
        "colorette": "^1.2.0",
        "https-proxy-agent": "^7.0.5",
        "js-levenshtein": "^1.1.6",
        "js-yaml": "^4.1.0",
        "minimatch": "^5.0.1",
        "pluralize": "^8.0.0",
        "yaml-ast-parser": "0.0.43"
      },
      "engines": {
        "node": ">=18.17.0",
        "npm": ">=9.5.0"
      }
    },
    "node_modules/@types/js-yaml": {
      "version": "4.0.9",
      "resolved": "https://registry.npmjs.org/@types/js-yaml/-/js-yaml-4.0.9.tgz",
      "integrity": "sha512-k4MGaQl5TGo/iipqb2UDG2UwjXziSWkh0uysQelTlJpX1qGlpUZYm8PnO4DxG1qBomtJUdYJ6qR6xdIah10JLg==",
      "dev": true,
      "license": "MIT"
    },
    "node_modules/@types/node": {
      "version": "24.1.0",
      "resolved": "https://registry.npmjs.org/@types/node/-/node-24.1.0.tgz",
      "integrity": "sha512-ut5FthK5moxFKH2T1CUOC6ctR67rQRvvHdFLCD2Ql6KXmMuCrjsSsRI9UsLCm9M18BMwClv4pn327UvB7eeO1w==",
      "dev": true,
      "license": "MIT",
      "dependencies": {
        "undici-types": "~7.8.0"
      }
    },
    "node_modules/@voxgig/struct": {
      "version": "0.0.6",
      "resolved": "https://registry.npmjs.org/@voxgig/struct/-/struct-0.0.6.tgz",
      "integrity": "sha512-YQxXqV/IEO1siprwtzlxI3IEy3HeFytUkJAN0xt9HLyKAjHLYNeLXxGlDDEChkR4d4ARZpMKsChtfBg0VSPT4g==",
      "license": "MIT",
      "peer": true
    },
    "node_modules/@voxgig/util": {
      "version": "0.2.0",
      "resolved": "https://registry.npmjs.org/@voxgig/util/-/util-0.2.0.tgz",
      "integrity": "sha512-4H6cEBIb8STUFqug9+tD+9gA5aYUQwwW46V+OiN/6LwdRrquDwKS4zE0OpZmX8S6+AbpNKAVBGr1pt0PQu1azg==",
      "license": "MIT",
      "peer": true,
      "peerDependencies": {
        "gubu": ">=9",
        "pino": ">=9",
        "pino-pretty": ">=13"
      }
    },
    "node_modules/agent-base": {
      "version": "7.1.4",
      "resolved": "https://registry.npmjs.org/agent-base/-/agent-base-7.1.4.tgz",
      "integrity": "sha512-MnA+YT8fwfJPgBx3m60MNqakm30XOkyIoH1y6huTQvC0PwZG7ki8NacLBcrPbNoo8vEZy7Jpuk7+jMO+CUovTQ==",
      "license": "MIT",
      "peer": true,
      "engines": {
        "node": ">= 14"
      }
    },
    "node_modules/aontu": {
      "version": "0.28.0",
      "resolved": "https://registry.npmjs.org/aontu/-/aontu-0.28.0.tgz",
      "integrity": "sha512-dtTqrKsmqhK/iFUL+SM0RkUo1Q8eGP3pZCeeQeZE28RTTxhWjGrjzLP/aSSfZtIjQ1Jrgxl8XccVd3n57Ohofg==",
      "license": "MIT",
      "peer": true,
      "dependencies": {
        "@jsonic/directive": "^1.1.0",
        "@jsonic/expr": "^1.3.0",
        "@jsonic/multisource": "^1.9.0",
        "@jsonic/path": "^1.4.0",
        "jsonic": "^2.16.0"
      },
      "engines": {
        "node": ">=16"
      }
    },
    "node_modules/argparse": {
      "version": "2.0.1",
      "resolved": "https://registry.npmjs.org/argparse/-/argparse-2.0.1.tgz",
      "integrity": "sha512-8+9WqebbFzpX9OR+Wa6O29asIogeRMzcGtAINdpMHHyAg10f05aSFVBbcEqGf/PXw1EjAZ+q2/bEBg3DvurK3Q==",
      "license": "Python-2.0",
      "peer": true
    },
    "node_modules/atomic-sleep": {
      "version": "1.0.0",
      "resolved": "https://registry.npmjs.org/atomic-sleep/-/atomic-sleep-1.0.0.tgz",
      "integrity": "sha512-kNOjDqAh7px0XWNI+4QbzoiR/nTkHAWNud2uvnJquD1/x5a7EQZMJT0AczqK0Qn67oY/TTQ1LbUKajZpp3I9tQ==",
      "license": "MIT",
      "peer": true,
      "engines": {
        "node": ">=8.0.0"
      }
    },
    "node_modules/balanced-match": {
      "version": "1.0.2",
      "resolved": "https://registry.npmjs.org/balanced-match/-/balanced-match-1.0.2.tgz",
      "integrity": "sha512-3oSeUO0TMV67hN1AmbXsK4yaqU7tjiHlbxRDZOpH0KW9+CeX4bRAaX0Anxt0tx2MrpRpWwQaPwIlISEJhYU5Pw==",
      "license": "MIT",
      "peer": true
    },
    "node_modules/brace-expansion": {
      "version": "2.0.2",
      "resolved": "https://registry.npmjs.org/brace-expansion/-/brace-expansion-2.0.2.tgz",
      "integrity": "sha512-Jt0vHyM+jmUBqojB7E1NIYadt0vI0Qxjxd2TErW94wDz+E2LAm5vKMXXwg6ZZBTHPuUlDgQHKXvjGBdfcF1ZDQ==",
      "license": "MIT",
      "peer": true,
      "dependencies": {
        "balanced-match": "^1.0.0"
      }
    },
    "node_modules/colorette": {
      "version": "1.4.0",
      "resolved": "https://registry.npmjs.org/colorette/-/colorette-1.4.0.tgz",
      "integrity": "sha512-Y2oEozpomLn7Q3HFP7dpww7AtMJplbM9lGZP6RDfHqmbeRjiwRg4n6VM6j4KLmRke85uWEI7JqF17f3pqdRA0g==",
      "license": "MIT",
      "peer": true
    },
    "node_modules/dateformat": {
      "version": "4.6.3",
      "resolved": "https://registry.npmjs.org/dateformat/-/dateformat-4.6.3.tgz",
      "integrity": "sha512-2P0p0pFGzHS5EMnhdxQi7aJN+iMheud0UhG4dlE1DLAlvL8JHjJJTX/CSm4JXwV0Ka5nGk3zC5mcb5bUQUxxMA==",
      "license": "MIT",
      "peer": true,
      "engines": {
        "node": "*"
      }
    },
    "node_modules/debug": {
      "version": "4.4.1",
      "resolved": "https://registry.npmjs.org/debug/-/debug-4.4.1.tgz",
      "integrity": "sha512-KcKCqiftBJcZr++7ykoDIEwSa3XWowTfNPo92BYxjXiyYEVrUQh2aLyhxBCwww+heortUFxEJYcRzosstTEBYQ==",
      "license": "MIT",
      "peer": true,
      "dependencies": {
        "ms": "^2.1.3"
      },
      "engines": {
        "node": ">=6.0"
      },
      "peerDependenciesMeta": {
        "supports-color": {
          "optional": true
        }
      }
    },
    "node_modules/diff": {
      "version": "8.0.2",
      "resolved": "https://registry.npmjs.org/diff/-/diff-8.0.2.tgz",
      "integrity": "sha512-sSuxWU5j5SR9QQji/o2qMvqRNYRDOcBTgsJ/DeCf4iSN4gW+gNMXM7wFIP+fdXZxoNiAnHUTGjCr+TSWXdRDKg==",
      "license": "BSD-3-Clause",
      "peer": true,
      "engines": {
        "node": ">=0.3.1"
      }
    },
    "node_modules/end-of-stream": {
      "version": "1.4.5",
      "resolved": "https://registry.npmjs.org/end-of-stream/-/end-of-stream-1.4.5.tgz",
      "integrity": "sha512-ooEGc6HP26xXq/N+GCGOT0JKCLDGrq2bQUZrQ7gyrJiZANJ/8YDTxTpQBXGMn+WbIQXNVpyWymm7KYVICQnyOg==",
      "license": "MIT",
      "peer": true,
      "dependencies": {
        "once": "^1.4.0"
      }
    },
    "node_modules/fast-copy": {
      "version": "3.0.2",
      "resolved": "https://registry.npmjs.org/fast-copy/-/fast-copy-3.0.2.tgz",
      "integrity": "sha512-dl0O9Vhju8IrcLndv2eU4ldt1ftXMqqfgN4H1cpmGV7P6jeB9FwpN9a2c8DPGE1Ys88rNUJVYDHq73CGAGOPfQ==",
      "license": "MIT",
      "peer": true
    },
    "node_modules/fast-deep-equal": {
      "version": "3.1.3",
      "resolved": "https://registry.npmjs.org/fast-deep-equal/-/fast-deep-equal-3.1.3.tgz",
      "integrity": "sha512-f3qQ9oQy9j2AhBe/H9VC91wLmKBCCU/gDOnKNAYG5hswO7BLKj09Hc5HYNz9cGI++xlpDCIgDaitVs03ATR84Q==",
      "license": "MIT",
      "peer": true
    },
    "node_modules/fast-redact": {
      "version": "3.5.0",
      "resolved": "https://registry.npmjs.org/fast-redact/-/fast-redact-3.5.0.tgz",
      "integrity": "sha512-dwsoQlS7h9hMeYUq1W++23NDcBLV4KqONnITDV9DjfS3q1SgDGVrBdvvTLUotWtPSD7asWDV9/CmsZPy8Hf70A==",
      "license": "MIT",
      "peer": true,
      "engines": {
        "node": ">=6"
      }
    },
    "node_modules/fast-safe-stringify": {
      "version": "2.1.1",
      "resolved": "https://registry.npmjs.org/fast-safe-stringify/-/fast-safe-stringify-2.1.1.tgz",
      "integrity": "sha512-W+KJc2dmILlPplD/H4K9l9LcAHAfPtP6BY84uVLXQ6Evcz9Lcg33Y2z1IVblT6xdY54PXYVHEv+0Wpq8Io6zkA==",
      "license": "MIT",
      "peer": true
    },
    "node_modules/gubu": {
      "version": "9.0.0",
      "resolved": "https://registry.npmjs.org/gubu/-/gubu-9.0.0.tgz",
      "integrity": "sha512-ha4I76HekhYzoXoA5gJql3ql/fTRaj+pyQUwOITCuEENE8sdInUU1lc0+Wr7v4GeAh0Kh8sUCNuwwOw6DHRYTA==",
      "license": "MIT",
      "peer": true,
      "engines": {
        "node": ">=14"
      }
    },
    "node_modules/help-me": {
      "version": "5.0.0",
      "resolved": "https://registry.npmjs.org/help-me/-/help-me-5.0.0.tgz",
      "integrity": "sha512-7xgomUX6ADmcYzFik0HzAxh/73YlKR9bmFzf51CZwR+b6YtzU2m0u49hQCqV6SvlqIqsaxovfwdvbnsw3b/zpg==",
      "license": "MIT",
      "peer": true
    },
    "node_modules/https-proxy-agent": {
      "version": "7.0.6",
      "resolved": "https://registry.npmjs.org/https-proxy-agent/-/https-proxy-agent-7.0.6.tgz",
      "integrity": "sha512-vK9P5/iUfdl95AI+JVyUuIcVtd4ofvtrOr3HNtM2yxC9bnMbEdp3x01OhQNnjb8IJYi38VlTE3mBXwcfvywuSw==",
      "license": "MIT",
      "peer": true,
      "dependencies": {
        "agent-base": "^7.1.2",
        "debug": "4"
      },
      "engines": {
        "node": ">= 14"
      }
    },
    "node_modules/hyperdyperid": {
      "version": "1.2.0",
      "resolved": "https://registry.npmjs.org/hyperdyperid/-/hyperdyperid-1.2.0.tgz",
      "integrity": "sha512-Y93lCzHYgGWdrJ66yIktxiaGULYc6oGiABxhcO5AufBeOyoIdZF7bIfLaOrbM0iGIOXQQgxxRrFEnb+Y6w1n4A==",
      "license": "MIT",
      "engines": {
        "node": ">=10.18"
      }
    },
    "node_modules/jostraca": {
      "version": "0.24.0",
      "resolved": "https://registry.npmjs.org/jostraca/-/jostraca-0.24.0.tgz",
      "integrity": "sha512-fqtVLiwDiWXTMN5rjyyOx30wUdPqIrbuXtY+x4PIfrRPAOfcFKo44rXuJyjxBrwCfNW3n3H5fqVDTrKYSfke4A==",
      "license": "MIT",
      "peer": true,
      "dependencies": {
        "diff": "^8.0.2",
        "gubu": "^9.0.0",
        "node-diff3": "^3.1.2"
      },
      "peerDependencies": {
        "jsonic": ">=2.16.0",
        "memfs": ">=4"
      }
    },
    "node_modules/joycon": {
      "version": "3.1.1",
      "resolved": "https://registry.npmjs.org/joycon/-/joycon-3.1.1.tgz",
      "integrity": "sha512-34wB/Y7MW7bzjKRjUKTa46I2Z7eV62Rkhva+KkopW7Qvv/OSWBqvkSY7vusOPrNuZcUG3tApvdVgNB8POj3SPw==",
      "license": "MIT",
      "peer": true,
      "engines": {
        "node": ">=10"
      }
    },
    "node_modules/js-levenshtein": {
      "version": "1.1.6",
      "resolved": "https://registry.npmjs.org/js-levenshtein/-/js-levenshtein-1.1.6.tgz",
      "integrity": "sha512-X2BB11YZtrRqY4EnQcLX5Rh373zbK4alC1FW7D7MBhL2gtcC17cTnr6DmfHZeS0s2rTHjUTMMHfG7gO8SSdw+g==",
      "license": "MIT",
      "peer": true,
      "engines": {
        "node": ">=0.10.0"
      }
    },
    "node_modules/js-yaml": {
      "version": "4.1.0",
      "resolved": "https://registry.npmjs.org/js-yaml/-/js-yaml-4.1.0.tgz",
      "integrity": "sha512-wpxZs9NoxZaJESJGIZTyDEaYpl0FKSA+FB9aJiyemKhMwkxQg63h4T1KJgUGHpTqPDNRcmmYLugrRjJlBtWvRA==",
      "license": "MIT",
      "peer": true,
      "dependencies": {
        "argparse": "^2.0.1"
      },
      "bin": {
        "js-yaml": "bin/js-yaml.js"
      }
    },
    "node_modules/json-schema-to-ts": {
      "version": "3.1.1",
      "resolved": "https://registry.npmjs.org/json-schema-to-ts/-/json-schema-to-ts-3.1.1.tgz",
      "integrity": "sha512-+DWg8jCJG2TEnpy7kOm/7/AxaYoaRbjVB4LFZLySZlWn8exGs3A4OLJR966cVvU26N7X9TWxl+Jsw7dzAqKT6g==",
      "dev": true,
      "license": "MIT",
      "dependencies": {
        "@babel/runtime": "^7.18.3",
        "ts-algebra": "^2.0.0"
      },
      "engines": {
        "node": ">=16"
      }
    },
    "node_modules/json-schema-traverse": {
      "version": "1.0.0",
      "resolved": "https://registry.npmjs.org/json-schema-traverse/-/json-schema-traverse-1.0.0.tgz",
      "integrity": "sha512-NM8/P9n3XjXhIZn1lLhkFaACTOURQXjWhV4BA/RnOv8xvgqtqpAX9IO4mRQxSx1Rlo4tqzeqb0sOlruaOy3dug==",
      "license": "MIT",
      "peer": true
    },
    "node_modules/jsonic": {
      "version": "2.16.0",
      "resolved": "https://registry.npmjs.org/jsonic/-/jsonic-2.16.0.tgz",
      "integrity": "sha512-qxsSBQzcP/vC0ZIhuPtj1db0T7NA+knH30vIPzm7W7C7J0LJ/hqkvda50Xlo8JAAu7rNBbO/aWvcsycyG4kvjg==",
      "license": "MIT",
      "peer": true,
      "bin": {
        "jsonic": "bin/jsonic"
      }
    },
    "node_modules/memfs": {
      "version": "4.25.1",
      "resolved": "https://registry.npmjs.org/memfs/-/memfs-4.25.1.tgz",
      "integrity": "sha512-sEOWdgYwyNK3uEAi+OVd1214o7hXu0ZQpKb3lI460B9ZPTdpcYNSgrG536k2MYr6mvfbOt7cS2uM+ThMuy34pw==",
      "license": "Apache-2.0",
      "dependencies": {
        "@jsonjoy.com/json-pack": "^1.0.3",
        "@jsonjoy.com/util": "^1.3.0",
        "tree-dump": "^1.0.1",
        "tslib": "^2.0.0"
      },
      "engines": {
        "node": ">= 4.0.0"
      },
      "funding": {
        "type": "github",
        "url": "https://github.com/sponsors/streamich"
      }
    },
    "node_modules/minimatch": {
      "version": "5.1.6",
      "resolved": "https://registry.npmjs.org/minimatch/-/minimatch-5.1.6.tgz",
      "integrity": "sha512-lKwV/1brpG6mBUFHtb7NUmtABCb2WZZmm2wNiOA5hAb8VdCS4B3dtMWyvcoViccwAW/COERjXLt0zP1zXUN26g==",
      "license": "ISC",
      "peer": true,
      "dependencies": {
        "brace-expansion": "^2.0.1"
      },
      "engines": {
        "node": ">=10"
      }
    },
    "node_modules/minimist": {
      "version": "1.2.8",
      "resolved": "https://registry.npmjs.org/minimist/-/minimist-1.2.8.tgz",
      "integrity": "sha512-2yyAR8qBkN3YuheJanUpWC5U3bb5osDywNB8RzDVlDwDHbocAJveqqj1u8+SVD7jkWT4yvsHCpWqqWqAxb0zCA==",
      "license": "MIT",
      "peer": true,
      "funding": {
        "url": "https://github.com/sponsors/ljharb"
      }
    },
    "node_modules/ms": {
      "version": "2.1.3",
      "resolved": "https://registry.npmjs.org/ms/-/ms-2.1.3.tgz",
      "integrity": "sha512-6FlzubTLZG3J2a/NVCAleEhjzq5oxgHyaCU9yYXvcLsvoVaHJq/s5xXI6/XXP6tz7R9xAOtHnSO/tXtF3WRTlA==",
      "license": "MIT",
      "peer": true
    },
    "node_modules/node-diff3": {
      "version": "3.1.2",
      "resolved": "https://registry.npmjs.org/node-diff3/-/node-diff3-3.1.2.tgz",
      "integrity": "sha512-wUd9TWy059I8mZdH6G3LPNlAEfxDvXtn/RcyFrbqL3v34WlDxn+Mh4HDhOwWuaMk/ROVepe5tTpnGHbve6Db2g==",
      "license": "MIT",
      "peer": true,
      "engines": {
        "node": ">14"
      }
    },
    "node_modules/on-exit-leak-free": {
      "version": "2.1.2",
      "resolved": "https://registry.npmjs.org/on-exit-leak-free/-/on-exit-leak-free-2.1.2.tgz",
      "integrity": "sha512-0eJJY6hXLGf1udHwfNftBqH+g73EU4B504nZeKpz1sYRKafAghwxEJunB2O7rDZkL4PGfsMVnTXZ2EjibbqcsA==",
      "license": "MIT",
      "peer": true,
      "engines": {
        "node": ">=14.0.0"
      }
    },
    "node_modules/once": {
      "version": "1.4.0",
      "resolved": "https://registry.npmjs.org/once/-/once-1.4.0.tgz",
      "integrity": "sha512-lNaJgI+2Q5URQBkccEKHTQOPaXdUxnZZElQTZY0MFUAuaEqe1E+Nyvgdz/aIyNi6Z9MzO5dv1H8n58/GELp3+w==",
      "license": "ISC",
      "peer": true,
      "dependencies": {
        "wrappy": "1"
      }
    },
    "node_modules/pino": {
      "version": "9.7.0",
      "resolved": "https://registry.npmjs.org/pino/-/pino-9.7.0.tgz",
      "integrity": "sha512-vnMCM6xZTb1WDmLvtG2lE/2p+t9hDEIvTWJsu6FejkE62vB7gDhvzrpFR4Cw2to+9JNQxVnkAKVPA1KPB98vWg==",
      "license": "MIT",
      "peer": true,
      "dependencies": {
        "atomic-sleep": "^1.0.0",
        "fast-redact": "^3.1.1",
        "on-exit-leak-free": "^2.1.0",
        "pino-abstract-transport": "^2.0.0",
        "pino-std-serializers": "^7.0.0",
        "process-warning": "^5.0.0",
        "quick-format-unescaped": "^4.0.3",
        "real-require": "^0.2.0",
        "safe-stable-stringify": "^2.3.1",
        "sonic-boom": "^4.0.1",
        "thread-stream": "^3.0.0"
      },
      "bin": {
        "pino": "bin.js"
      }
    },
    "node_modules/pino-abstract-transport": {
      "version": "2.0.0",
      "resolved": "https://registry.npmjs.org/pino-abstract-transport/-/pino-abstract-transport-2.0.0.tgz",
      "integrity": "sha512-F63x5tizV6WCh4R6RHyi2Ml+M70DNRXt/+HANowMflpgGFMAym/VKm6G7ZOQRjqN7XbGxK1Lg9t6ZrtzOaivMw==",
      "license": "MIT",
      "peer": true,
      "dependencies": {
        "split2": "^4.0.0"
      }
    },
    "node_modules/pino-pretty": {
      "version": "13.1.1",
      "resolved": "https://registry.npmjs.org/pino-pretty/-/pino-pretty-13.1.1.tgz",
      "integrity": "sha512-TNNEOg0eA0u+/WuqH0MH0Xui7uqVk9D74ESOpjtebSQYbNWJk/dIxCXIxFsNfeN53JmtWqYHP2OrIZjT/CBEnA==",
      "license": "MIT",
      "peer": true,
      "dependencies": {
        "colorette": "^2.0.7",
        "dateformat": "^4.6.3",
        "fast-copy": "^3.0.2",
        "fast-safe-stringify": "^2.1.1",
        "help-me": "^5.0.0",
        "joycon": "^3.1.1",
        "minimist": "^1.2.6",
        "on-exit-leak-free": "^2.1.0",
        "pino-abstract-transport": "^2.0.0",
        "pump": "^3.0.0",
        "secure-json-parse": "^4.0.0",
        "sonic-boom": "^4.0.1",
        "strip-json-comments": "^5.0.2"
      },
      "bin": {
        "pino-pretty": "bin.js"
      }
    },
    "node_modules/pino-pretty/node_modules/colorette": {
      "version": "2.0.20",
      "resolved": "https://registry.npmjs.org/colorette/-/colorette-2.0.20.tgz",
      "integrity": "sha512-IfEDxwoWIjkeXL1eXcDiow4UbKjhLdq6/EuSVR9GMN7KVH3r9gQ83e73hsz1Nd1T3ijd5xv1wcWRYO+D6kCI2w==",
      "license": "MIT",
      "peer": true
    },
    "node_modules/pino-std-serializers": {
      "version": "7.0.0",
      "resolved": "https://registry.npmjs.org/pino-std-serializers/-/pino-std-serializers-7.0.0.tgz",
      "integrity": "sha512-e906FRY0+tV27iq4juKzSYPbUj2do2X2JX4EzSca1631EB2QJQUqGbDuERal7LCtOpxl6x3+nvo9NPZcmjkiFA==",
      "license": "MIT",
      "peer": true
    },
    "node_modules/pluralize": {
      "version": "8.0.0",
      "resolved": "https://registry.npmjs.org/pluralize/-/pluralize-8.0.0.tgz",
      "integrity": "sha512-Nc3IT5yHzflTfbjgqWcCPpo7DaKy4FnpB0l/zCAW0Tc7jxAiuqSxHasntB3D7887LSrA93kDJ9IXovxJYxyLCA==",
      "license": "MIT",
      "peer": true,
      "engines": {
        "node": ">=4"
      }
    },
    "node_modules/process-warning": {
      "version": "5.0.0",
      "resolved": "https://registry.npmjs.org/process-warning/-/process-warning-5.0.0.tgz",
      "integrity": "sha512-a39t9ApHNx2L4+HBnQKqxxHNs1r7KF+Intd8Q/g1bUh6q0WIp9voPXJ/x0j+ZL45KF1pJd9+q2jLIRMfvEshkA==",
      "funding": [
        {
          "type": "github",
          "url": "https://github.com/sponsors/fastify"
        },
        {
          "type": "opencollective",
          "url": "https://opencollective.com/fastify"
        }
      ],
      "license": "MIT",
      "peer": true
    },
    "node_modules/pump": {
      "version": "3.0.3",
      "resolved": "https://registry.npmjs.org/pump/-/pump-3.0.3.tgz",
      "integrity": "sha512-todwxLMY7/heScKmntwQG8CXVkWUOdYxIvY2s0VWAAMh/nd8SoYiRaKjlr7+iCs984f2P8zvrfWcDDYVb73NfA==",
      "license": "MIT",
      "peer": true,
      "dependencies": {
        "end-of-stream": "^1.1.0",
        "once": "^1.3.1"
      }
    },
    "node_modules/quick-format-unescaped": {
      "version": "4.0.4",
      "resolved": "https://registry.npmjs.org/quick-format-unescaped/-/quick-format-unescaped-4.0.4.tgz",
      "integrity": "sha512-tYC1Q1hgyRuHgloV/YXs2w15unPVh8qfu/qCTfhTYamaw7fyhumKa2yGpdSo87vY32rIclj+4fWYQXUMs9EHvg==",
      "license": "MIT",
      "peer": true
    },
    "node_modules/real-require": {
      "version": "0.2.0",
      "resolved": "https://registry.npmjs.org/real-require/-/real-require-0.2.0.tgz",
      "integrity": "sha512-57frrGM/OCTLqLOAh0mhVA9VBMHd+9U7Zb2THMGdBUoZVOtGbJzjxsYGDJ3A9AYYCP4hn6y1TVbaOfzWtm5GFg==",
      "license": "MIT",
      "peer": true,
      "engines": {
        "node": ">= 12.13.0"
      }
    },
    "node_modules/require-from-string": {
      "version": "2.0.2",
      "resolved": "https://registry.npmjs.org/require-from-string/-/require-from-string-2.0.2.tgz",
      "integrity": "sha512-Xf0nWe6RseziFMu+Ap9biiUbmplq6S9/p+7w7YXP/JBHhrUDDUhwa+vANyubuqfZWTveU//DYVGsDG7RKL/vEw==",
      "license": "MIT",
      "peer": true,
      "engines": {
        "node": ">=0.10.0"
      }
    },
    "node_modules/safe-stable-stringify": {
      "version": "2.5.0",
      "resolved": "https://registry.npmjs.org/safe-stable-stringify/-/safe-stable-stringify-2.5.0.tgz",
      "integrity": "sha512-b3rppTKm9T+PsVCBEOUR46GWI7fdOs00VKZ1+9c1EWDaDMvjQc6tUwuFyIprgGgTcWoVHSKrU8H31ZHA2e0RHA==",
      "license": "MIT",
      "peer": true,
      "engines": {
        "node": ">=10"
      }
    },
    "node_modules/secure-json-parse": {
      "version": "4.0.0",
      "resolved": "https://registry.npmjs.org/secure-json-parse/-/secure-json-parse-4.0.0.tgz",
      "integrity": "sha512-dxtLJO6sc35jWidmLxo7ij+Eg48PM/kleBsxpC8QJE0qJICe+KawkDQmvCMZUr9u7WKVHgMW6vy3fQ7zMiFZMA==",
      "funding": [
        {
          "type": "github",
          "url": "https://github.com/sponsors/fastify"
        },
        {
          "type": "opencollective",
          "url": "https://opencollective.com/fastify"
        }
      ],
      "license": "BSD-3-Clause",
      "peer": true
    },
    "node_modules/sonic-boom": {
      "version": "4.2.0",
      "resolved": "https://registry.npmjs.org/sonic-boom/-/sonic-boom-4.2.0.tgz",
      "integrity": "sha512-INb7TM37/mAcsGmc9hyyI6+QR3rR1zVRu36B0NeGXKnOOLiZOfER5SA+N7X7k3yUYRzLWafduTDvJAfDswwEww==",
      "license": "MIT",
      "peer": true,
      "dependencies": {
        "atomic-sleep": "^1.0.0"
      }
    },
    "node_modules/split2": {
      "version": "4.2.0",
      "resolved": "https://registry.npmjs.org/split2/-/split2-4.2.0.tgz",
      "integrity": "sha512-UcjcJOWknrNkF6PLX83qcHM6KHgVKNkV62Y8a5uYDVv9ydGQVwAHMKqHdJje1VTWpljG0WYpCDhrCdAOYH4TWg==",
      "license": "ISC",
      "peer": true,
      "engines": {
        "node": ">= 10.x"
      }
    },
    "node_modules/strip-json-comments": {
      "version": "5.0.2",
      "resolved": "https://registry.npmjs.org/strip-json-comments/-/strip-json-comments-5.0.2.tgz",
      "integrity": "sha512-4X2FR3UwhNUE9G49aIsJW5hRRR3GXGTBTZRMfv568O60ojM8HcWjV/VxAxCDW3SUND33O6ZY66ZuRcdkj73q2g==",
      "license": "MIT",
      "peer": true,
      "engines": {
        "node": ">=14.16"
      },
      "funding": {
        "url": "https://github.com/sponsors/sindresorhus"
      }
    },
    "node_modules/thingies": {
      "version": "1.21.0",
      "resolved": "https://registry.npmjs.org/thingies/-/thingies-1.21.0.tgz",
      "integrity": "sha512-hsqsJsFMsV+aD4s3CWKk85ep/3I9XzYV/IXaSouJMYIoDlgyi11cBhsqYe9/geRfB0YIikBQg6raRaM+nIMP9g==",
      "license": "Unlicense",
      "engines": {
        "node": ">=10.18"
      },
      "peerDependencies": {
        "tslib": "^2"
      }
    },
    "node_modules/thread-stream": {
      "version": "3.1.0",
      "resolved": "https://registry.npmjs.org/thread-stream/-/thread-stream-3.1.0.tgz",
      "integrity": "sha512-OqyPZ9u96VohAyMfJykzmivOrY2wfMSf3C5TtFJVgN+Hm6aj+voFhlK+kZEIv2FBh1X6Xp3DlnCOfEQ3B2J86A==",
      "license": "MIT",
      "peer": true,
      "dependencies": {
        "real-require": "^0.2.0"
      }
    },
    "node_modules/tree-dump": {
      "version": "1.0.3",
      "resolved": "https://registry.npmjs.org/tree-dump/-/tree-dump-1.0.3.tgz",
      "integrity": "sha512-il+Cv80yVHFBwokQSfd4bldvr1Md951DpgAGfmhydt04L+YzHgubm2tQ7zueWDcGENKHq0ZvGFR/hjvNXilHEg==",
      "license": "Apache-2.0",
      "engines": {
        "node": ">=10.0"
      },
      "funding": {
        "type": "github",
        "url": "https://github.com/sponsors/streamich"
      },
      "peerDependencies": {
        "tslib": "2"
      }
    },
    "node_modules/ts-algebra": {
      "version": "2.0.0",
      "resolved": "https://registry.npmjs.org/ts-algebra/-/ts-algebra-2.0.0.tgz",
      "integrity": "sha512-FPAhNPFMrkwz76P7cdjdmiShwMynZYN6SgOujD1urY4oNm80Ou9oMdmbR45LotcKOXoy7wSmHkRFE6Mxbrhefw==",
      "dev": true,
      "license": "MIT"
    },
    "node_modules/tslib": {
      "version": "2.8.1",
      "resolved": "https://registry.npmjs.org/tslib/-/tslib-2.8.1.tgz",
      "integrity": "sha512-oJFu94HQb+KVduSUQL7wnpmqnfmLsOA/nAh6b6EH0wCEoK0/mPeXU6c3wKDV83MkOuHPRHtSXKKU99IBazS/2w==",
      "license": "0BSD"
    },
    "node_modules/typescript": {
      "version": "5.9.2",
      "resolved": "https://registry.npmjs.org/typescript/-/typescript-5.9.2.tgz",
      "integrity": "sha512-CWBzXQrc/qOkhidw1OzBTQuYRbfyxDXJMVJ1XNwUHGROVmuaeiEm3OslpZ1RV96d7SKKjZKrSJu3+t/xlw3R9A==",
      "dev": true,
      "license": "Apache-2.0",
      "bin": {
        "tsc": "bin/tsc",
        "tsserver": "bin/tsserver"
      },
      "engines": {
        "node": ">=14.17"
      }
    },
    "node_modules/undici-types": {
      "version": "7.8.0",
      "resolved": "https://registry.npmjs.org/undici-types/-/undici-types-7.8.0.tgz",
      "integrity": "sha512-9UJ2xGDvQ43tYyVMpuHlsgApydB8ZKfVYTsLDhXkFL/6gfkp+U8xTGdh8pMJv1SpZna0zxG1DwsKZsreLbXBxw==",
      "dev": true,
      "license": "MIT"
    },
    "node_modules/uri-js-replace": {
      "version": "1.0.1",
      "resolved": "https://registry.npmjs.org/uri-js-replace/-/uri-js-replace-1.0.1.tgz",
      "integrity": "sha512-W+C9NWNLFOoBI2QWDp4UT9pv65r2w5Cx+3sTYFvtMdDBxkKt1syCqsUdSFAChbEe1uK5TfS04wt/nGwmaeIQ0g==",
      "license": "MIT",
      "peer": true
    },
    "node_modules/wrappy": {
      "version": "1.0.2",
      "resolved": "https://registry.npmjs.org/wrappy/-/wrappy-1.0.2.tgz",
      "integrity": "sha512-l4Sp/DRseor9wL6EvV2+TuQn63dMkPjZ/sp9XkghTEbV9KlPS1xUsZ3u7/IQO4wxtcFB4bgpQPRcR3QCvezPcQ==",
      "license": "ISC",
      "peer": true
    },
    "node_modules/yaml-ast-parser": {
      "version": "0.0.43",
      "resolved": "https://registry.npmjs.org/yaml-ast-parser/-/yaml-ast-parser-0.0.43.tgz",
      "integrity": "sha512-2PTINUwsRqSd+s8XxKaJWQlUuEMHJQyEuh2edBbW8KNJz0SJPwUSD2zRWqezFEdN7IzAgeuYHFUCF7o8zRdZ0A==",
      "license": "Apache-2.0",
      "peer": true
    }
  }
}
